
Microsoft Visual Studio Solution File, Format Version 12.00
# Visual Studio 15
VisualStudioVersion = 15.0.27703.2035
MinimumVisualStudioVersion = 10.0.40219.1
Project("{8BC9CEB8-8B4A-11D0-8D11-00A0C91BC942}") = "Project_A_CJR", "Project_A_CJR\Project_A_CJR.vcxproj", "{66716B04-154F-4BAC-84E2-C363FEA0672D}"
EndProject
Global
	GlobalSection(SolutionConfigurationPlatforms) = preSolution
		Debug|x64 = Debug|x64
		Debug|x86 = Debug|x86
		Release|x64 = Release|x64
		Release|x86 = Release|x86
	EndGlobalSection
	GlobalSection(ProjectConfigurationPlatforms) = postSolution
		{66716B04-154F-4BAC-84E2-C363FEA0672D}.Debug|x64.ActiveCfg = Debug|x64
		{66716B04-154F-4BAC-84E2-C363FEA0672D}.Debug|x64.Build.0 = Debug|x64
		{66716B04-154F-4BAC-84E2-C363FEA0672D}.Debug|x86.ActiveCfg = Debug|Win32
		{66716B04-154F-4BAC-84E2-C363FEA0672D}.Debug|x86.Build.0 = Debug|Win32
		{66716B04-154F-4BAC-84E2-C363FEA0672D}.Release|x64.ActiveCfg = Release|x64
		{66716B04-154F-4BAC-84E2-C363FEA0672D}.Release|x64.Build.0 = Release|x64
		{66716B04-154F-4BAC-84E2-C363FEA0672D}.Release|x86.ActiveCfg = Release|Win32
		{66716B04-154F-4BAC-84E2-C363FEA0672D}.Release|x86.Build.0 = Release|Win32
	EndGlobalSection
	GlobalSection(SolutionProperties) = preSolution
		HideSolutionNode = FALSE
	EndGlobalSection
	GlobalSection(ExtensibilityGlobals) = postSolution
		SolutionGuid = {C7AECDE4-6009-4CC8-BA85-679F3A711835}
	EndGlobalSection
EndGlobal
